
Microsoft Visual Studio Solution File, Format Version 12.00
# Visual Studio Version 16
VisualStudioVersion = 16.0.29411.108
MinimumVisualStudioVersion = 10.0.40219.1
Project("{FAE04EC0-301F-11D3-BF4B-00C04F79EFBC}") = "LiteXCache.Demo", "LiteXCache.Demo\LiteXCache.Demo.csproj", "{B8A7F72D-B1F3-417C-B86A-AF7F89B6CD65}"
EndProject
Global
	GlobalSection(SolutionConfigurationPlatforms) = preSolution
		Debug|Any CPU = Debug|Any CPU
		Release|Any CPU = Release|Any CPU
	EndGlobalSection
	GlobalSection(ProjectConfigurationPlatforms) = postSolution
		{B8A7F72D-B1F3-417C-B86A-AF7F89B6CD65}.Debug|Any CPU.ActiveCfg = Debug|Any CPU
		{B8A7F72D-B1F3-417C-B86A-AF7F89B6CD65}.Debug|Any CPU.Build.0 = Debug|Any CPU
		{B8A7F72D-B1F3-417C-B86A-AF7F89B6CD65}.Release|Any CPU.ActiveCfg = Release|Any CPU
		{B8A7F72D-B1F3-417C-B86A-AF7F89B6CD65}.Release|Any CPU.Build.0 = Release|Any CPU
	EndGlobalSection
	GlobalSection(SolutionProperties) = preSolution
		HideSolutionNode = FALSE
	EndGlobalSection
	GlobalSection(ExtensibilityGlobals) = postSolution
		SolutionGuid = {B9DB812C-4DF0-48AD-89BE-4C94E8F414EE}
	EndGlobalSection
EndGlobal
